
Microsoft Visual Studio Solution File, Format Version 12.00
# Visual Studio Version 17
VisualStudioVersion = 17.4.33213.308
MinimumVisualStudioVersion = 10.0.40219.1
Project("{FAE04EC0-301F-11D3-BF4B-00C04F79EFBC}") = "BrowserSelector", "BrowserSelector\BrowserSelector.csproj", "{9EC01ADF-CC76-4BE6-B54E-E6C0602EBDEB}"
EndProject
Project("{FAE04EC0-301F-11D3-BF4B-00C04F79EFBC}") = "BrowserSelectorCommon", "BrowserSelectorCommon\BrowserSelectorCommon.csproj", "{05430E56-B020-428A-81ED-101292F8FF10}"
EndProject
Global
	GlobalSection(SolutionConfigurationPlatforms) = preSolution
		Debug|Any CPU = Debug|Any CPU
		Release|Any CPU = Release|Any CPU
	EndGlobalSection
	GlobalSection(ProjectConfigurationPlatforms) = postSolution
		{9EC01ADF-CC76-4BE6-B54E-E6C0602EBDEB}.Debug|Any CPU.ActiveCfg = Debug|Any CPU
		{9EC01ADF-CC76-4BE6-B54E-E6C0602EBDEB}.Debug|Any CPU.Build.0 = Debug|Any CPU
		{9EC01ADF-CC76-4BE6-B54E-E6C0602EBDEB}.Release|Any CPU.ActiveCfg = Release|Any CPU
		{9EC01ADF-CC76-4BE6-B54E-E6C0602EBDEB}.Release|Any CPU.Build.0 = Release|Any CPU
		{05430E56-B020-428A-81ED-101292F8FF10}.Debug|Any CPU.ActiveCfg = Debug|Any CPU
		{05430E56-B020-428A-81ED-101292F8FF10}.Debug|Any CPU.Build.0 = Debug|Any CPU
		{05430E56-B020-428A-81ED-101292F8FF10}.Release|Any CPU.ActiveCfg = Release|Any CPU
		{05430E56-B020-428A-81ED-101292F8FF10}.Release|Any CPU.Build.0 = Release|Any CPU
	EndGlobalSection
	GlobalSection(SolutionProperties) = preSolution
		HideSolutionNode = FALSE
	EndGlobalSection
	GlobalSection(ExtensibilityGlobals) = postSolution
		SolutionGuid = {9B493E76-3720-4C6A-8E76-EC93F358F943}
	EndGlobalSection
EndGlobal
